{
  "name": "@woudsma/workspaces-cli",
  "version": "1.0.4",
  "lockfileVersion": 1,
  "requires": true,
  "dependencies": {
    "@jsdevtools/file-path-filter": {
      "version": "3.0.0",
      "resolved": "https://registry.npmjs.org/@jsdevtools/file-path-filter/-/file-path-filter-3.0.0.tgz",
      "integrity": "sha512-JNtnixm+7/x5wo32j2d3XEaU3NITa1XD1nuYTCM0peSkB1AC0ziA7lRJ4o3CwpSlq1QUXgi2ymJLjWWw0PROgw==",
      "requires": {
        "glob-to-regexp": "^0.4.1"
      }
    },
    "@jsdevtools/readdir-enhanced": {
      "version": "6.0.0",
      "resolved": "https://registry.npmjs.org/@jsdevtools/readdir-enhanced/-/readdir-enhanced-6.0.0.tgz",
      "integrity": "sha512-JSlur5fJowfwbeGw0rtaRSHbqqiLDQ3n1/BLHkDH7KtqpmtouUj9H9hriccqYrbVuTfuDettBlpd7iE3TcWDaA==",
      "requires": {
        "@jsdevtools/file-path-filter": "^3.0.0"
      }
    },
    "ansi-colors": {
      "version": "3.2.4",
      "resolved": "https://registry.npmjs.org/ansi-colors/-/ansi-colors-3.2.4.tgz",
      "integrity": "sha512-hHUXGagefjN2iRrID63xckIvotOXOojhQKWIPUZ4mNUZ9nLZW+7FMNoE1lOkEhNWYsx/7ysGIuJYCiMAA9FnrA=="
    },
    "enquirer": {
      "version": "2.3.4",
      "resolved": "https://registry.npmjs.org/enquirer/-/enquirer-2.3.4.tgz",
      "integrity": "sha512-pkYrrDZumL2VS6VBGDhqbajCM2xpkUNLuKfGPjfKaSIBKYopQbqEFyrOkRMIb2HDR/rO1kGhEt/5twBwtzKBXw==",
      "requires": {
        "ansi-colors": "^3.2.1"
      }
    },
    "glob-to-regexp": {
      "version": "0.4.1",
      "resolved": "https://registry.npmjs.org/glob-to-regexp/-/glob-to-regexp-0.4.1.tgz",
      "integrity": "sha512-lkX1HJXwyMcprw/5YUZc2s7DrpAiHB21/V+E1rHUrVNokkvB6bqMzT0VfV6/86ZNabt1k14YOIaT7nDvOX3Iiw=="
    }
  }
}
